// !$*UTF8*$!
{
	archiveVersion = 1;
	classes = {
	};
	objectVersion = 56;
	objects = {

/* Begin PBXBuildFile section */
		0488312526FF49E000512C09 /* GADTMediumTemplateView.xib in Resources */ = {isa = PBXBuildFile; fileRef = 0488311D26FF49E000512C09 /* GADTMediumTemplateView.xib */; };
		0488312626FF49E000512C09 /* GADTSmallTemplateView.m in Sources */ = {isa = PBXBuildFile; fileRef = 0488312026FF49E000512C09 /* GADTSmallTemplateView.m */; };
		0488312726FF49E000512C09 /* GADTSmallTemplateView.xib in Resources */ = {isa = PBXBuildFile; fileRef = 0488312126FF49E000512C09 /* GADTSmallTemplateView.xib */; };
		0488312826FF49E000512C09 /* GADTTemplateView.m in Sources */ = {isa = PBXBuildFile; fileRef = 0488312226FF49E000512C09 /* GADTTemplateView.m */; };
		0488312926FF49E000512C09 /* GADTMediumTemplateView.m in Sources */ = {isa = PBXBuildFile; fileRef = 0488312326FF49E000512C09 /* GADTMediumTemplateView.m */; };
		04B5F3032700FC67007E81AB /* NativeAdsCollectionViewCell.swift in Sources */ = {isa = PBXBuildFile; fileRef = 04B5F3012700FC67007E81AB /* NativeAdsCollectionViewCell.swift */; };
		04B5F3042700FC67007E81AB /* NativeAdsCollectionViewCell.xib in Resources */ = {isa = PBXBuildFile; fileRef = 04B5F3022700FC67007E81AB /* NativeAdsCollectionViewCell.xib */; };
		04F0E33F26FE405400DC83EA /* UnifiedNativeAdView.xib in Resources */ = {isa = PBXBuildFile; fileRef = 04F0E33E26FE405400DC83EA /* UnifiedNativeAdView.xib */; };
		0A3F4EE1FB1E32C25676A4C9 /* Pods_OneSignalNotificationServiceExtension.framework in Frameworks */ = {isa = PBXBuildFile; fileRef = 8996C01A0B7117465E653135 /* Pods_OneSignalNotificationServiceExtension.framework */; };
		37AD944828F56BE700454996 /* App.swift in Sources */ = {isa = PBXBuildFile; fileRef = 37AD944728F56BE700454996 /* App.swift */; };
		37E8382A28F80DBF003B38AA /* SharedUserDefaults.swift in Sources */ = {isa = PBXBuildFile; fileRef = 37E8382928F80DBF003B38AA /* SharedUserDefaults.swift */; };
		37E8382C28F818F1003B38AA /* IAPHelper.swift in Sources */ = {isa = PBXBuildFile; fileRef = 37E8382B28F818F1003B38AA /* IAPHelper.swift */; };
		37E8382F28F81967003B38AA /* Utility.swift in Sources */ = {isa = PBXBuildFile; fileRef = 37E8382E28F81967003B38AA /* Utility.swift */; };
		37E8383128F81ADC003B38AA /* Constants.swift in Sources */ = {isa = PBXBuildFile; fileRef = 37E8383028F81ADC003B38AA /* Constants.swift */; };
		883BEB802409737C007EE6FB /* CategoryVC.swift in Sources */ = {isa = PBXBuildFile; fileRef = 883BEB7F2409737C007EE6FB /* CategoryVC.swift */; };
		88B8F65F240AAB9D000EBD3A /* WallpaperVC.swift in Sources */ = {isa = PBXBuildFile; fileRef = 88B8F65E240AAB9D000EBD3A /* WallpaperVC.swift */; };
		88D4E96C240D46E20008C31D /* Constant.swift in Sources */ = {isa = PBXBuildFile; fileRef = 88D4E96B240D46E20008C31D /* Constant.swift */; };
		9F1449F52437220000EE1611 /* GoogleService-Info.plist in Resources */ = {isa = PBXBuildFile; fileRef = 9F1449F42437220000EE1611 /* GoogleService-Info.plist */; };
		BACE55843CFBA92585353A25 /* Pods_WallPaperAppUITests.framework in Frameworks */ = {isa = PBXBuildFile; fileRef = 3B0C6E422A1C5948AFA52968 /* Pods_WallPaperAppUITests.framework */; };
		C83ED6C723AD145F000C101F /* AppDelegate.swift in Sources */ = {isa = PBXBuildFile; fileRef = C83ED6C623AD145F000C101F /* AppDelegate.swift */; };
		C83ED6C923AD145F000C101F /* SceneDelegate.swift in Sources */ = {isa = PBXBuildFile; fileRef = C83ED6C823AD145F000C101F /* SceneDelegate.swift */; };
		C83ED6CB23AD145F000C101F /* WelcomeVC.swift in Sources */ = {isa = PBXBuildFile; fileRef = C83ED6CA23AD145F000C101F /* WelcomeVC.swift */; };
		C83ED6CE23AD145F000C101F /* Main.storyboard in Resources */ = {isa = PBXBuildFile; fileRef = C83ED6CC23AD145F000C101F /* Main.storyboard */; };
		C83ED6D123AD145F000C101F /* WallPaperApp.xcdatamodeld in Sources */ = {isa = PBXBuildFile; fileRef = C83ED6CF23AD145F000C101F /* WallPaperApp.xcdatamodeld */; };
		C83ED6D323AD1461000C101F /* Assets.xcassets in Resources */ = {isa = PBXBuildFile; fileRef = C83ED6D223AD1461000C101F /* Assets.xcassets */; };
		C83ED6D623AD1461000C101F /* LaunchScreen.storyboard in Resources */ = {isa = PBXBuildFile; fileRef = C83ED6D423AD1461000C101F /* LaunchScreen.storyboard */; };
		C83ED6E123AD1461000C101F /* WallPaperAppTests.swift in Sources */ = {isa = PBXBuildFile; fileRef = C83ED6E023AD1461000C101F /* WallPaperAppTests.swift */; };
		C83ED6EC23AD1461000C101F /* WallPaperAppUITests.swift in Sources */ = {isa = PBXBuildFile; fileRef = C83ED6EB23AD1461000C101F /* WallPaperAppUITests.swift */; };
		C83ED6FC23AD1DD7000C101F /* HomeVC.swift in Sources */ = {isa = PBXBuildFile; fileRef = C83ED6FB23AD1DD7000C101F /* HomeVC.swift */; };
		C86BB5A82486315800FC62AE /* BubbleTabBar.swift in Sources */ = {isa = PBXBuildFile; fileRef = C86BB5A52486315800FC62AE /* BubbleTabBar.swift */; };
		C86BB5A92486315800FC62AE /* BubbleTabBarController.swift in Sources */ = {isa = PBXBuildFile; fileRef = C86BB5A62486315800FC62AE /* BubbleTabBarController.swift */; };
		C86BB5AA2486315800FC62AE /* CBTabBarButton.swift in Sources */ = {isa = PBXBuildFile; fileRef = C86BB5A72486315800FC62AE /* CBTabBarButton.swift */; };
		C874053B23CF518B0084F560 /* Webservices.swift in Sources */ = {isa = PBXBuildFile; fileRef = C874053923CF518B0084F560 /* Webservices.swift */; };
		C874053E23CF51D30084F560 /* Reachability.swift in Sources */ = {isa = PBXBuildFile; fileRef = C874053D23CF51D30084F560 /* Reachability.swift */; };
		C891E8DF23F4406600027B8F /* ViewPagerTabView.swift in Sources */ = {isa = PBXBuildFile; fileRef = C891E8DB23F4406500027B8F /* ViewPagerTabView.swift */; };
		C891E8E023F4406600027B8F /* ViewPagerTab.swift in Sources */ = {isa = PBXBuildFile; fileRef = C891E8DC23F4406500027B8F /* ViewPagerTab.swift */; };
		C891E8E123F4406600027B8F /* ViewPagerController.swift in Sources */ = {isa = PBXBuildFile; fileRef = C891E8DD23F4406500027B8F /* ViewPagerController.swift */; };
		C891E8E223F4406600027B8F /* ViewPagerOptions.swift in Sources */ = {isa = PBXBuildFile; fileRef = C891E8DE23F4406500027B8F /* ViewPagerOptions.swift */; };
		C899FB6B23B0FCDE007B1F52 /* UserDefaults.swift in Sources */ = {isa = PBXBuildFile; fileRef = C899FB6A23B0FCDD007B1F52 /* UserDefaults.swift */; };
		C899FB6F23B10531007B1F52 /* WallpaperPreviewVC.swift in Sources */ = {isa = PBXBuildFile; fileRef = C899FB6E23B10531007B1F52 /* WallpaperPreviewVC.swift */; };
		C8FFDE9F23F3032B00D6DF80 /* SettingsVC.swift in Sources */ = {isa = PBXBuildFile; fileRef = C8FFDE9E23F3032B00D6DF80 /* SettingsVC.swift */; };
		DB4C0F8526262C2FB8AD2D07 /* Pods_WallPaperApp.framework in Frameworks */ = {isa = PBXBuildFile; fileRef = D122E76277986769C057C1F4 /* Pods_WallPaperApp.framework */; };
		F1630B7A25FB315200BF003D /* NativeAdCollectionViewCell.swift in Sources */ = {isa = PBXBuildFile; fileRef = F1630B7925FB315200BF003D /* NativeAdCollectionViewCell.swift */; };
		F1630B8925FB7C5400BF003D /* ImageView.swift in Sources */ = {isa = PBXBuildFile; fileRef = F1630B8825FB7C5400BF003D /* ImageView.swift */; };
		FA6B6DBD286CB3A700CF59E6 /* NotificationService.swift in Sources */ = {isa = PBXBuildFile; fileRef = FA6B6DBC286CB3A700CF59E6 /* NotificationService.swift */; };
		FA6B6DC1286CB3A700CF59E6 /* OneSignalNotificationServiceExtension.appex in Embed App Extensions */ = {isa = PBXBuildFile; fileRef = FA6B6DBA286CB3A700CF59E6 /* OneSignalNotificationServiceExtension.appex */; settings = {ATTRIBUTES = (RemoveHeadersOnCopy, ); }; };
		FFB4EC89ED33671A0BCFD858 /* Pods_WallPaperAppTests.framework in Frameworks */ = {isa = PBXBuildFile; fileRef = 615F2151ABCC1AAC29544061 /* Pods_WallPaperAppTests.framework */; };
/* End PBXBuildFile section */

/* Begin PBXContainerItemProxy section */
		C83ED6DD23AD1461000C101F /* PBXContainerItemProxy */ = {
			isa = PBXContainerItemProxy;
			containerPortal = C83ED6BB23AD145F000C101F /* Project object */;
			proxyType = 1;
			remoteGlobalIDString = C83ED6C223AD145F000C101F;
			remoteInfo = WallPaperApp;
		};
		C83ED6E823AD1461000C101F /* PBXContainerItemProxy */ = {
			isa = PBXContainerItemProxy;
			containerPortal = C83ED6BB23AD145F000C101F /* Project object */;
			proxyType = 1;
			remoteGlobalIDString = C83ED6C223AD145F000C101F;
			remoteInfo = WallPaperApp;
		};
		FA6B6DBF286CB3A700CF59E6 /* PBXContainerItemProxy */ = {
			isa = PBXContainerItemProxy;
			containerPortal = C83ED6BB23AD145F000C101F /* Project object */;
			proxyType = 1;
			remoteGlobalIDString = FA6B6DB9286CB3A700CF59E6;
			remoteInfo = OneSignalNotificationServiceExtension;
		};
/* End PBXContainerItemProxy section */

/* Begin PBXCopyFilesBuildPhase section */
		FA6B6DC2286CB3A700CF59E6 /* Embed App Extensions */ = {
			isa = PBXCopyFilesBuildPhase;
			buildActionMask = 2147483647;
			dstPath = "";
			dstSubfolderSpec = 13;
			files = (
				FA6B6DC1286CB3A700CF59E6 /* OneSignalNotificationServiceExtension.appex in Embed App Extensions */,
			);
			name = "Embed App Extensions";
			runOnlyForDeploymentPostprocessing = 0;
		};
/* End PBXCopyFilesBuildPhase section */

/* Begin PBXFileReference section */
		0488311D26FF49E000512C09 /* GADTMediumTemplateView.xib */ = {isa = PBXFileReference; fileEncoding = 4; lastKnownFileType = file.xib; path = GADTMediumTemplateView.xib; sourceTree = "<group>"; };
		0488311E26FF49E000512C09 /* GADTTemplateView.h */ = {isa = PBXFileReference; fileEncoding = 4; lastKnownFileType = sourcecode.c.h; path = GADTTemplateView.h; sourceTree = "<group>"; };
		0488311F26FF49E000512C09 /* GADTMediumTemplateView.h */ = {isa = PBXFileReference; fileEncoding = 4; lastKnownFileType = sourcecode.c.h; path = GADTMediumTemplateView.h; sourceTree = "<group>"; };
		0488312026FF49E000512C09 /* GADTSmallTemplateView.m */ = {isa = PBXFileReference; fileEncoding = 4; lastKnownFileType = sourcecode.c.objc; path = GADTSmallTemplateView.m; sourceTree = "<group>"; };
		0488312126FF49E000512C09 /* GADTSmallTemplateView.xib */ = {isa = PBXFileReference; fileEncoding = 4; lastKnownFileType = file.xib; path = GADTSmallTemplateView.xib; sourceTree = "<group>"; };
		0488312226FF49E000512C09 /* GADTTemplateView.m */ = {isa = PBXFileReference; fileEncoding = 4; lastKnownFileType = sourcecode.c.objc; path = GADTTemplateView.m; sourceTree = "<group>"; };
		0488312326FF49E000512C09 /* GADTMediumTemplateView.m */ = {isa = PBXFileReference; fileEncoding = 4; lastKnownFileType = sourcecode.c.objc; path = GADTMediumTemplateView.m; sourceTree = "<group>"; };
		0488312426FF49E000512C09 /* GADTSmallTemplateView.h */ = {isa = PBXFileReference; fileEncoding = 4; lastKnownFileType = sourcecode.c.h; path = GADTSmallTemplateView.h; sourceTree = "<group>"; };
		04B5F3012700FC67007E81AB /* NativeAdsCollectionViewCell.swift */ = {isa = PBXFileReference; lastKnownFileType = sourcecode.swift; path = NativeAdsCollectionViewCell.swift; sourceTree = "<group>"; };
		04B5F3022700FC67007E81AB /* NativeAdsCollectionViewCell.xib */ = {isa = PBXFileReference; lastKnownFileType = file.xib; path = NativeAdsCollectionViewCell.xib; sourceTree = "<group>"; };
		04F0E33E26FE405400DC83EA /* UnifiedNativeAdView.xib */ = {isa = PBXFileReference; fileEncoding = 4; lastKnownFileType = file.xib; path = UnifiedNativeAdView.xib; sourceTree = "<group>"; };
		37AD944728F56BE700454996 /* App.swift */ = {isa = PBXFileReference; lastKnownFileType = sourcecode.swift; path = App.swift; sourceTree = "<group>"; };
		37E8382928F80DBF003B38AA /* SharedUserDefaults.swift */ = {isa = PBXFileReference; fileEncoding = 4; lastKnownFileType = sourcecode.swift; path = SharedUserDefaults.swift; sourceTree = "<group>"; };
		37E8382B28F818F1003B38AA /* IAPHelper.swift */ = {isa = PBXFileReference; fileEncoding = 4; lastKnownFileType = sourcecode.swift; path = IAPHelper.swift; sourceTree = "<group>"; };
		37E8382E28F81967003B38AA /* Utility.swift */ = {isa = PBXFileReference; lastKnownFileType = sourcecode.swift; path = Utility.swift; sourceTree = "<group>"; };
		37E8383028F81ADC003B38AA /* Constants.swift */ = {isa = PBXFileReference; lastKnownFileType = sourcecode.swift; path = Constants.swift; sourceTree = "<group>"; };
		3A1CF21AC16FAB565A0DD96A /* Pods-WallPaperApp.release.xcconfig */ = {isa = PBXFileReference; includeInIndex = 1; lastKnownFileType = text.xcconfig; name = "Pods-WallPaperApp.release.xcconfig"; path = "Target Support Files/Pods-WallPaperApp/Pods-WallPaperApp.release.xcconfig"; sourceTree = "<group>"; };
		3B0C6E422A1C5948AFA52968 /* Pods_WallPaperAppUITests.framework */ = {isa = PBXFileReference; explicitFileType = wrapper.framework; includeInIndex = 0; path = Pods_WallPaperAppUITests.framework; sourceTree = BUILT_PRODUCTS_DIR; };
		3DF81DA799C694787A304357 /* Pods-OneSignalNotificationServiceExtension.debug.xcconfig */ = {isa = PBXFileReference; includeInIndex = 1; lastKnownFileType = text.xcconfig; name = "Pods-OneSignalNotificationServiceExtension.debug.xcconfig"; path = "Target Support Files/Pods-OneSignalNotificationServiceExtension/Pods-OneSignalNotificationServiceExtension.debug.xcconfig"; sourceTree = "<group>"; };
		3FB1C53395B8EEE5696264E5 /* Pods-WallPaperApp.debug.xcconfig */ = {isa = PBXFileReference; includeInIndex = 1; lastKnownFileType = text.xcconfig; name = "Pods-WallPaperApp.debug.xcconfig"; path = "Target Support Files/Pods-WallPaperApp/Pods-WallPaperApp.debug.xcconfig"; sourceTree = "<group>"; };
		4FA6A702773F51D364A28154 /* Pods-OneSignalNotificationServiceExtension.release.xcconfig */ = {isa = PBXFileReference; includeInIndex = 1; lastKnownFileType = text.xcconfig; name = "Pods-OneSignalNotificationServiceExtension.release.xcconfig"; path = "Target Support Files/Pods-OneSignalNotificationServiceExtension/Pods-OneSignalNotificationServiceExtension.release.xcconfig"; sourceTree = "<group>"; };
		5218261510150774151C54B1 /* Pods-WallPaperAppUITests.release.xcconfig */ = {isa = PBXFileReference; includeInIndex = 1; lastKnownFileType = text.xcconfig; name = "Pods-WallPaperAppUITests.release.xcconfig"; path = "Target Support Files/Pods-WallPaperAppUITests/Pods-WallPaperAppUITests.release.xcconfig"; sourceTree = "<group>"; };
		60274ED22F657C91E513C34D /* Pods-WallPaperAppTests.debug.xcconfig */ = {isa = PBXFileReference; includeInIndex = 1; lastKnownFileType = text.xcconfig; name = "Pods-WallPaperAppTests.debug.xcconfig"; path = "Target Support Files/Pods-WallPaperAppTests/Pods-WallPaperAppTests.debug.xcconfig"; sourceTree = "<group>"; };
		615F2151ABCC1AAC29544061 /* Pods_WallPaperAppTests.framework */ = {isa = PBXFileReference; explicitFileType = wrapper.framework; includeInIndex = 0; path = Pods_WallPaperAppTests.framework; sourceTree = BUILT_PRODUCTS_DIR; };
		87D4A61DD1B174F0812DBFB7 /* Pods-WallPaperAppTests.release.xcconfig */ = {isa = PBXFileReference; includeInIndex = 1; lastKnownFileType = text.xcconfig; name = "Pods-WallPaperAppTests.release.xcconfig"; path = "Target Support Files/Pods-WallPaperAppTests/Pods-WallPaperAppTests.release.xcconfig"; sourceTree = "<group>"; };
		883BEB7F2409737C007EE6FB /* CategoryVC.swift */ = {isa = PBXFileReference; lastKnownFileType = sourcecode.swift; path = CategoryVC.swift; sourceTree = "<group>"; };
		88B8F65E240AAB9D000EBD3A /* WallpaperVC.swift */ = {isa = PBXFileReference; lastKnownFileType = sourcecode.swift; path = WallpaperVC.swift; sourceTree = "<group>"; };
		88D4E96B240D46E20008C31D /* Constant.swift */ = {isa = PBXFileReference; lastKnownFileType = sourcecode.swift; path = Constant.swift; sourceTree = "<group>"; };
		8996C01A0B7117465E653135 /* Pods_OneSignalNotificationServiceExtension.framework */ = {isa = PBXFileReference; explicitFileType = wrapper.framework; includeInIndex = 0; path = Pods_OneSignalNotificationServiceExtension.framework; sourceTree = BUILT_PRODUCTS_DIR; };
		9F1449F42437220000EE1611 /* GoogleService-Info.plist */ = {isa = PBXFileReference; fileEncoding = 4; lastKnownFileType = text.plist.xml; path = "GoogleService-Info.plist"; sourceTree = "<group>"; };
		9F1449F6243722C100EE1611 /* WallPaperApp.entitlements */ = {isa = PBXFileReference; lastKnownFileType = text.plist.entitlements; path = WallPaperApp.entitlements; sourceTree = "<group>"; };
		C83ED6C323AD145F000C101F /* HD WallPaperApp.app */ = {isa = PBXFileReference; explicitFileType = wrapper.application; includeInIndex = 0; path = "HD WallPaperApp.app"; sourceTree = BUILT_PRODUCTS_DIR; };
		C83ED6C623AD145F000C101F /* AppDelegate.swift */ = {isa = PBXFileReference; lastKnownFileType = sourcecode.swift; path = AppDelegate.swift; sourceTree = "<group>"; };
		C83ED6C823AD145F000C101F /* SceneDelegate.swift */ = {isa = PBXFileReference; lastKnownFileType = sourcecode.swift; path = SceneDelegate.swift; sourceTree = "<group>"; };
		C83ED6CA23AD145F000C101F /* WelcomeVC.swift */ = {isa = PBXFileReference; lastKnownFileType = sourcecode.swift; path = WelcomeVC.swift; sourceTree = "<group>"; };
		C83ED6CD23AD145F000C101F /* Base */ = {isa = PBXFileReference; lastKnownFileType = file.storyboard; name = Base; path = Base.lproj/Main.storyboard; sourceTree = "<group>"; };
		C83ED6D023AD145F000C101F /* WallPaperApp.xcdatamodel */ = {isa = PBXFileReference; lastKnownFileType = wrapper.xcdatamodel; path = WallPaperApp.xcdatamodel; sourceTree = "<group>"; };
		C83ED6D223AD1461000C101F /* Assets.xcassets */ = {isa = PBXFileReference; lastKnownFileType = folder.assetcatalog; path = Assets.xcassets; sourceTree = "<group>"; };
		C83ED6D523AD1461000C101F /* Base */ = {isa = PBXFileReference; lastKnownFileType = file.storyboard; name = Base; path = Base.lproj/LaunchScreen.storyboard; sourceTree = "<group>"; };
		C83ED6D723AD1461000C101F /* Info.plist */ = {isa = PBXFileReference; lastKnownFileType = text.plist.xml; path = Info.plist; sourceTree = "<group>"; };
		C83ED6DC23AD1461000C101F /* WallPaperAppTests.xctest */ = {isa = PBXFileReference; explicitFileType = wrapper.cfbundle; includeInIndex = 0; path = WallPaperAppTests.xctest; sourceTree = BUILT_PRODUCTS_DIR; };
		C83ED6E023AD1461000C101F /* WallPaperAppTests.swift */ = {isa = PBXFileReference; lastKnownFileType = sourcecode.swift; path = WallPaperAppTests.swift; sourceTree = "<group>"; };
		C83ED6E223AD1461000C101F /* Info.plist */ = {isa = PBXFileReference; lastKnownFileType = text.plist.xml; path = Info.plist; sourceTree = "<group>"; };
		C83ED6E723AD1461000C101F /* WallPaperAppUITests.xctest */ = {isa = PBXFileReference; explicitFileType = wrapper.cfbundle; includeInIndex = 0; path = WallPaperAppUITests.xctest; sourceTree = BUILT_PRODUCTS_DIR; };
		C83ED6EB23AD1461000C101F /* WallPaperAppUITests.swift */ = {isa = PBXFileReference; lastKnownFileType = sourcecode.swift; path = WallPaperAppUITests.swift; sourceTree = "<group>"; };
		C83ED6ED23AD1461000C101F /* Info.plist */ = {isa = PBXFileReference; lastKnownFileType = text.plist.xml; path = Info.plist; sourceTree = "<group>"; };
		C83ED6FB23AD1DD7000C101F /* HomeVC.swift */ = {isa = PBXFileReference; lastKnownFileType = sourcecode.swift; path = HomeVC.swift; sourceTree = "<group>"; };
		C86BB5A52486315800FC62AE /* BubbleTabBar.swift */ = {isa = PBXFileReference; fileEncoding = 4; lastKnownFileType = sourcecode.swift; path = BubbleTabBar.swift; sourceTree = "<group>"; };
		C86BB5A62486315800FC62AE /* BubbleTabBarController.swift */ = {isa = PBXFileReference; fileEncoding = 4; lastKnownFileType = sourcecode.swift; path = BubbleTabBarController.swift; sourceTree = "<group>"; };
		C86BB5A72486315800FC62AE /* CBTabBarButton.swift */ = {isa = PBXFileReference; fileEncoding = 4; lastKnownFileType = sourcecode.swift; path = CBTabBarButton.swift; sourceTree = "<group>"; };
		C874053923CF518B0084F560 /* Webservices.swift */ = {isa = PBXFileReference; fileEncoding = 4; lastKnownFileType = sourcecode.swift; path = Webservices.swift; sourceTree = "<group>"; };
		C874053D23CF51D30084F560 /* Reachability.swift */ = {isa = PBXFileReference; fileEncoding = 4; lastKnownFileType = sourcecode.swift; path = Reachability.swift; sourceTree = "<group>"; };
		C891E8DB23F4406500027B8F /* ViewPagerTabView.swift */ = {isa = PBXFileReference; fileEncoding = 4; lastKnownFileType = sourcecode.swift; path = ViewPagerTabView.swift; sourceTree = "<group>"; };
		C891E8DC23F4406500027B8F /* ViewPagerTab.swift */ = {isa = PBXFileReference; fileEncoding = 4; lastKnownFileType = sourcecode.swift; path = ViewPagerTab.swift; sourceTree = "<group>"; };
		C891E8DD23F4406500027B8F /* ViewPagerController.swift */ = {isa = PBXFileReference; fileEncoding = 4; lastKnownFileType = sourcecode.swift; path = ViewPagerController.swift; sourceTree = "<group>"; };
		C891E8DE23F4406500027B8F /* ViewPagerOptions.swift */ = {isa = PBXFileReference; fileEncoding = 4; lastKnownFileType = sourcecode.swift; path = ViewPagerOptions.swift; sourceTree = "<group>"; };
		C899FB6A23B0FCDD007B1F52 /* UserDefaults.swift */ = {isa = PBXFileReference; fileEncoding = 4; lastKnownFileType = sourcecode.swift; path = UserDefaults.swift; sourceTree = "<group>"; };
		C899FB6E23B10531007B1F52 /* WallpaperPreviewVC.swift */ = {isa = PBXFileReference; lastKnownFileType = sourcecode.swift; path = WallpaperPreviewVC.swift; sourceTree = "<group>"; };
		C8FFDE9E23F3032B00D6DF80 /* SettingsVC.swift */ = {isa = PBXFileReference; lastKnownFileType = sourcecode.swift; path = SettingsVC.swift; sourceTree = "<group>"; };
		D122E76277986769C057C1F4 /* Pods_WallPaperApp.framework */ = {isa = PBXFileReference; explicitFileType = wrapper.framework; includeInIndex = 0; path = Pods_WallPaperApp.framework; sourceTree = BUILT_PRODUCTS_DIR; };
		D87A07A47E8846C4201590B3 /* Pods-WallPaperAppUITests.debug.xcconfig */ = {isa = PBXFileReference; includeInIndex = 1; lastKnownFileType = text.xcconfig; name = "Pods-WallPaperAppUITests.debug.xcconfig"; path = "Target Support Files/Pods-WallPaperAppUITests/Pods-WallPaperAppUITests.debug.xcconfig"; sourceTree = "<group>"; };
		F1630B7925FB315200BF003D /* NativeAdCollectionViewCell.swift */ = {isa = PBXFileReference; lastKnownFileType = sourcecode.swift; path = NativeAdCollectionViewCell.swift; sourceTree = "<group>"; };
		F1630B8825FB7C5400BF003D /* ImageView.swift */ = {isa = PBXFileReference; fileEncoding = 4; lastKnownFileType = sourcecode.swift; path = ImageView.swift; sourceTree = "<group>"; };
		FA6B6DBA286CB3A700CF59E6 /* OneSignalNotificationServiceExtension.appex */ = {isa = PBXFileReference; explicitFileType = "wrapper.app-extension"; includeInIndex = 0; path = OneSignalNotificationServiceExtension.appex; sourceTree = BUILT_PRODUCTS_DIR; };
		FA6B6DBC286CB3A700CF59E6 /* NotificationService.swift */ = {isa = PBXFileReference; lastKnownFileType = sourcecode.swift; path = NotificationService.swift; sourceTree = "<group>"; };
		FA6B6DBE286CB3A700CF59E6 /* Info.plist */ = {isa = PBXFileReference; lastKnownFileType = text.plist.xml; path = Info.plist; sourceTree = "<group>"; };
/* End PBXFileReference section */

/* Begin PBXFrameworksBuildPhase section */
		C83ED6C023AD145F000C101F /* Frameworks */ = {
			isa = PBXFrameworksBuildPhase;
			buildActionMask = 2147483647;
			files = (
				DB4C0F8526262C2FB8AD2D07 /* Pods_WallPaperApp.framework in Frameworks */,
			);
			runOnlyForDeploymentPostprocessing = 0;
		};
		C83ED6D923AD1461000C101F /* Frameworks */ = {
			isa = PBXFrameworksBuildPhase;
			buildActionMask = 2147483647;
			files = (
				FFB4EC89ED33671A0BCFD858 /* Pods_WallPaperAppTests.framework in Frameworks */,
			);
			runOnlyForDeploymentPostprocessing = 0;
		};
		C83ED6E423AD1461000C101F /* Frameworks */ = {
			isa = PBXFrameworksBuildPhase;
			buildActionMask = 2147483647;
			files = (
				BACE55843CFBA92585353A25 /* Pods_WallPaperAppUITests.framework in Frameworks */,
			);
			runOnlyForDeploymentPostprocessing = 0;
		};
		FA6B6DB7286CB3A700CF59E6 /* Frameworks */ = {
			isa = PBXFrameworksBuildPhase;
			buildActionMask = 2147483647;
			files = (
				0A3F4EE1FB1E32C25676A4C9 /* Pods_OneSignalNotificationServiceExtension.framework in Frameworks */,
			);
			runOnlyForDeploymentPostprocessing = 0;
		};
/* End PBXFrameworksBuildPhase section */

/* Begin PBXGroup section */
		0488311C26FF49E000512C09 /* nativetemplates */ = {
			isa = PBXGroup;
			children = (
				0488311F26FF49E000512C09 /* GADTMediumTemplateView.h */,
				0488312326FF49E000512C09 /* GADTMediumTemplateView.m */,
				0488311D26FF49E000512C09 /* GADTMediumTemplateView.xib */,
				0488311E26FF49E000512C09 /* GADTTemplateView.h */,
				0488312226FF49E000512C09 /* GADTTemplateView.m */,
				0488312426FF49E000512C09 /* GADTSmallTemplateView.h */,
				0488312026FF49E000512C09 /* GADTSmallTemplateView.m */,
				0488312126FF49E000512C09 /* GADTSmallTemplateView.xib */,
			);
			path = nativetemplates;
			sourceTree = "<group>";
		};
		2271756A856D8BF6C88320E8 /* Pods */ = {
			isa = PBXGroup;
			children = (
				3FB1C53395B8EEE5696264E5 /* Pods-WallPaperApp.debug.xcconfig */,
				3A1CF21AC16FAB565A0DD96A /* Pods-WallPaperApp.release.xcconfig */,
				60274ED22F657C91E513C34D /* Pods-WallPaperAppTests.debug.xcconfig */,
				87D4A61DD1B174F0812DBFB7 /* Pods-WallPaperAppTests.release.xcconfig */,
				D87A07A47E8846C4201590B3 /* Pods-WallPaperAppUITests.debug.xcconfig */,
				5218261510150774151C54B1 /* Pods-WallPaperAppUITests.release.xcconfig */,
				3DF81DA799C694787A304357 /* Pods-OneSignalNotificationServiceExtension.debug.xcconfig */,
				4FA6A702773F51D364A28154 /* Pods-OneSignalNotificationServiceExtension.release.xcconfig */,
			);
			path = Pods;
			sourceTree = "<group>";
		};
		37E8382828F80D85003B38AA /* UserDefaults */ = {
			isa = PBXGroup;
			children = (
				37E8382928F80DBF003B38AA /* SharedUserDefaults.swift */,
			);
			path = UserDefaults;
			sourceTree = "<group>";
		};
		37E8382D28F8195D003B38AA /* Extension */ = {
			isa = PBXGroup;
			children = (
				37E8382E28F81967003B38AA /* Utility.swift */,
			);
			path = Extension;
			sourceTree = "<group>";
		};
		642A78971A6B11903FB255D5 /* Frameworks */ = {
			isa = PBXGroup;
			children = (
				D122E76277986769C057C1F4 /* Pods_WallPaperApp.framework */,
				615F2151ABCC1AAC29544061 /* Pods_WallPaperAppTests.framework */,
				3B0C6E422A1C5948AFA52968 /* Pods_WallPaperAppUITests.framework */,
				8996C01A0B7117465E653135 /* Pods_OneSignalNotificationServiceExtension.framework */,
			);
			name = Frameworks;
			sourceTree = "<group>";
		};
		88078F5C2406AF6E0083DAB9 /* Controllers */ = {
			isa = PBXGroup;
			children = (
				F1630B8825FB7C5400BF003D /* ImageView.swift */,
				C83ED6CA23AD145F000C101F /* WelcomeVC.swift */,
				C83ED6FB23AD1DD7000C101F /* HomeVC.swift */,
				883BEB7F2409737C007EE6FB /* CategoryVC.swift */,
				88B8F65E240AAB9D000EBD3A /* WallpaperVC.swift */,
				C899FB6E23B10531007B1F52 /* WallpaperPreviewVC.swift */,
				C8FFDE9E23F3032B00D6DF80 /* SettingsVC.swift */,
			);
			path = Controllers;
			sourceTree = "<group>";
		};
		88078F5D2406AFC20083DAB9 /* Resources */ = {
			isa = PBXGroup;
			children = (
				37E8382B28F818F1003B38AA /* IAPHelper.swift */,
				C86BB5A52486315800FC62AE /* BubbleTabBar.swift */,
				C86BB5A62486315800FC62AE /* BubbleTabBarController.swift */,
				C86BB5A72486315800FC62AE /* CBTabBarButton.swift */,
				C891E8DA23F4406500027B8F /* PagerView */,
				37AD944728F56BE700454996 /* App.swift */,
				37E8383028F81ADC003B38AA /* Constants.swift */,
			);
			path = Resources;
			sourceTree = "<group>";
		};
		C83ED6BA23AD145F000C101F = {
			isa = PBXGroup;
			children = (
				C83ED6C523AD145F000C101F /* WallPaperApp */,
				C83ED6DF23AD1461000C101F /* WallPaperAppTests */,
				C83ED6EA23AD1461000C101F /* WallPaperAppUITests */,
				FA6B6DBB286CB3A700CF59E6 /* OneSignalNotificationServiceExtension */,
				C83ED6C423AD145F000C101F /* Products */,
				2271756A856D8BF6C88320E8 /* Pods */,
				642A78971A6B11903FB255D5 /* Frameworks */,
			);
			sourceTree = "<group>";
		};
		C83ED6C423AD145F000C101F /* Products */ = {
			isa = PBXGroup;
			children = (
				C83ED6C323AD145F000C101F /* HD WallPaperApp.app */,
				C83ED6DC23AD1461000C101F /* WallPaperAppTests.xctest */,
				C83ED6E723AD1461000C101F /* WallPaperAppUITests.xctest */,
				FA6B6DBA286CB3A700CF59E6 /* OneSignalNotificationServiceExtension.appex */,
			);
			name = Products;
			sourceTree = "<group>";
		};
		C83ED6C523AD145F000C101F /* WallPaperApp */ = {
			isa = PBXGroup;
			children = (
				37E8382D28F8195D003B38AA /* Extension */,
				37E8382828F80D85003B38AA /* UserDefaults */,
				F1630B7825FB313800BF003D /* Collection View Cells */,
				88078F5D2406AFC20083DAB9 /* Resources */,
				C874053823CF518B0084F560 /* Webservices */,
				88078F5C2406AF6E0083DAB9 /* Controllers */,
				C83ED6CC23AD145F000C101F /* Main.storyboard */,
				C83ED6D423AD1461000C101F /* LaunchScreen.storyboard */,
				C83ED6C623AD145F000C101F /* AppDelegate.swift */,
				C83ED6C823AD145F000C101F /* SceneDelegate.swift */,
				C83ED6D223AD1461000C101F /* Assets.xcassets */,
				C83ED6D723AD1461000C101F /* Info.plist */,
				9F1449F42437220000EE1611 /* GoogleService-Info.plist */,
				C83ED6CF23AD145F000C101F /* WallPaperApp.xcdatamodeld */,
				9F1449F6243722C100EE1611 /* WallPaperApp.entitlements */,
			);
			path = WallPaperApp;
			sourceTree = "<group>";
		};
		C83ED6DF23AD1461000C101F /* WallPaperAppTests */ = {
			isa = PBXGroup;
			children = (
				C83ED6E023AD1461000C101F /* WallPaperAppTests.swift */,
				C83ED6E223AD1461000C101F /* Info.plist */,
			);
			path = WallPaperAppTests;
			sourceTree = "<group>";
		};
		C83ED6EA23AD1461000C101F /* WallPaperAppUITests */ = {
			isa = PBXGroup;
			children = (
				C83ED6EB23AD1461000C101F /* WallPaperAppUITests.swift */,
				C83ED6ED23AD1461000C101F /* Info.plist */,
			);
			path = WallPaperAppUITests;
			sourceTree = "<group>";
		};
		C874053823CF518B0084F560 /* Webservices */ = {
			isa = PBXGroup;
			children = (
				C874053923CF518B0084F560 /* Webservices.swift */,
				C874053D23CF51D30084F560 /* Reachability.swift */,
				C899FB6A23B0FCDD007B1F52 /* UserDefaults.swift */,
				88D4E96B240D46E20008C31D /* Constant.swift */,
			);
			path = Webservices;
			sourceTree = "<group>";
		};
		C891E8DA23F4406500027B8F /* PagerView */ = {
			isa = PBXGroup;
			children = (
				C891E8DB23F4406500027B8F /* ViewPagerTabView.swift */,
				C891E8DC23F4406500027B8F /* ViewPagerTab.swift */,
				C891E8DD23F4406500027B8F /* ViewPagerController.swift */,
				C891E8DE23F4406500027B8F /* ViewPagerOptions.swift */,
			);
			path = PagerView;
			sourceTree = "<group>";
		};
		F1630B7825FB313800BF003D /* Collection View Cells */ = {
			isa = PBXGroup;
			children = (
				F1630B7925FB315200BF003D /* NativeAdCollectionViewCell.swift */,
				0488311C26FF49E000512C09 /* nativetemplates */,
				04F0E33E26FE405400DC83EA /* UnifiedNativeAdView.xib */,
				04B5F3012700FC67007E81AB /* NativeAdsCollectionViewCell.swift */,
				04B5F3022700FC67007E81AB /* NativeAdsCollectionViewCell.xib */,
			);
			path = "Collection View Cells";
			sourceTree = "<group>";
		};
		FA6B6DBB286CB3A700CF59E6 /* OneSignalNotificationServiceExtension */ = {
			isa = PBXGroup;
			children = (
				FA6B6DBC286CB3A700CF59E6 /* NotificationService.swift */,
				FA6B6DBE286CB3A700CF59E6 /* Info.plist */,
			);
			path = OneSignalNotificationServiceExtension;
			sourceTree = "<group>";
		};
/* End PBXGroup section */

/* Begin PBXNativeTarget section */
		C83ED6C223AD145F000C101F /* WallPaperApp */ = {
			isa = PBXNativeTarget;
			buildConfigurationList = C83ED6F023AD1461000C101F /* Build configuration list for PBXNativeTarget "WallPaperApp" */;
			buildPhases = (
				D520BD6F741E3945E353C911 /* [CP] Check Pods Manifest.lock */,
				C83ED6BF23AD145F000C101F /* Sources */,
				C83ED6C023AD145F000C101F /* Frameworks */,
				C83ED6C123AD145F000C101F /* Resources */,
				370521441E602E7E5002C44A /* [CP] Embed Pods Frameworks */,
				FA6B6DC2286CB3A700CF59E6 /* Embed App Extensions */,
			);
			buildRules = (
			);
			dependencies = (
				FA6B6DC0286CB3A700CF59E6 /* PBXTargetDependency */,
			);
			name = WallPaperApp;
			productName = WallPaperApp;
			productReference = C83ED6C323AD145F000C101F /* HD WallPaperApp.app */;
			productType = "com.apple.product-type.application";
		};
		C83ED6DB23AD1461000C101F /* WallPaperAppTests */ = {
			isa = PBXNativeTarget;
			buildConfigurationList = C83ED6F323AD1461000C101F /* Build configuration list for PBXNativeTarget "WallPaperAppTests" */;
			buildPhases = (
				FC031BDC8371F6CDB2BEFC2F /* [CP] Check Pods Manifest.lock */,
				C83ED6D823AD1461000C101F /* Sources */,
				C83ED6D923AD1461000C101F /* Frameworks */,
				C83ED6DA23AD1461000C101F /* Resources */,
			);
			buildRules = (
			);
			dependencies = (
				C83ED6DE23AD1461000C101F /* PBXTargetDependency */,
			);
			name = WallPaperAppTests;
			productName = WallPaperAppTests;
			productReference = C83ED6DC23AD1461000C101F /* WallPaperAppTests.xctest */;
			productType = "com.apple.product-type.bundle.unit-test";
		};
		C83ED6E623AD1461000C101F /* WallPaperAppUITests */ = {
			isa = PBXNativeTarget;
			buildConfigurationList = C83ED6F623AD1461000C101F /* Build configuration list for PBXNativeTarget "WallPaperAppUITests" */;
			buildPhases = (
				5B7E1055839C000063EBCE3D /* [CP] Check Pods Manifest.lock */,
				C83ED6E323AD1461000C101F /* Sources */,
				C83ED6E423AD1461000C101F /* Frameworks */,
				C83ED6E523AD1461000C101F /* Resources */,
			);
			buildRules = (
			);
			dependencies = (
				C83ED6E923AD1461000C101F /* PBXTargetDependency */,
			);
			name = WallPaperAppUITests;
			productName = WallPaperAppUITests;
			productReference = C83ED6E723AD1461000C101F /* WallPaperAppUITests.xctest */;
			productType = "com.apple.product-type.bundle.ui-testing";
		};
		FA6B6DB9286CB3A700CF59E6 /* OneSignalNotificationServiceExtension */ = {
			isa = PBXNativeTarget;
			buildConfigurationList = FA6B6DC5286CB3A700CF59E6 /* Build configuration list for PBXNativeTarget "OneSignalNotificationServiceExtension" */;
			buildPhases = (
				1880D2D478F9B5CFBAB9F267 /* [CP] Check Pods Manifest.lock */,
				FA6B6DB6286CB3A700CF59E6 /* Sources */,
				FA6B6DB7286CB3A700CF59E6 /* Frameworks */,
				FA6B6DB8286CB3A700CF59E6 /* Resources */,
			);
			buildRules = (
			);
			dependencies = (
			);
			name = OneSignalNotificationServiceExtension;
			productName = OneSignalNotificationServiceExtension;
			productReference = FA6B6DBA286CB3A700CF59E6 /* OneSignalNotificationServiceExtension.appex */;
			productType = "com.apple.product-type.app-extension";
		};
/* End PBXNativeTarget section */

/* Begin PBXProject section */
		C83ED6BB23AD145F000C101F /* Project object */ = {
			isa = PBXProject;
			attributes = {
				LastSwiftUpdateCheck = 1340;
				LastUpgradeCheck = 1100;
				ORGANIZATIONNAME = "Mitesh's MAC";
				TargetAttributes = {
					C83ED6C223AD145F000C101F = {
						CreatedOnToolsVersion = 11.0;
					};
					C83ED6DB23AD1461000C101F = {
						CreatedOnToolsVersion = 11.0;
						TestTargetID = C83ED6C223AD145F000C101F;
					};
					C83ED6E623AD1461000C101F = {
						CreatedOnToolsVersion = 11.0;
						TestTargetID = C83ED6C223AD145F000C101F;
					};
					FA6B6DB9286CB3A700CF59E6 = {
						CreatedOnToolsVersion = 13.4.1;
					};
				};
			};
			buildConfigurationList = C83ED6BE23AD145F000C101F /* Build configuration list for PBXProject "WallPaperApp" */;
			compatibilityVersion = "Xcode 14.0";
			developmentRegion = en;
			hasScannedForEncodings = 0;
			knownRegions = (
				en,
				Base,
			);
			mainGroup = C83ED6BA23AD145F000C101F;
			productRefGroup = C83ED6C423AD145F000C101F /* Products */;
			projectDirPath = "";
			projectRoot = "";
			targets = (
				C83ED6C223AD145F000C101F /* WallPaperApp */,
				C83ED6DB23AD1461000C101F /* WallPaperAppTests */,
				C83ED6E623AD1461000C101F /* WallPaperAppUITests */,
				FA6B6DB9286CB3A700CF59E6 /* OneSignalNotificationServiceExtension */,
			);
		};
/* End PBXProject section */

/* Begin PBXResourcesBuildPhase section */
		C83ED6C123AD145F000C101F /* Resources */ = {
			isa = PBXResourcesBuildPhase;
			buildActionMask = 2147483647;
			files = (
				C83ED6D623AD1461000C101F /* LaunchScreen.storyboard in Resources */,
				0488312526FF49E000512C09 /* GADTMediumTemplateView.xib in Resources */,
				9F1449F52437220000EE1611 /* GoogleService-Info.plist in Resources */,
				0488312726FF49E000512C09 /* GADTSmallTemplateView.xib in Resources */,
				C83ED6D323AD1461000C101F /* Assets.xcassets in Resources */,
				C83ED6CE23AD145F000C101F /* Main.storyboard in Resources */,
				04B5F3042700FC67007E81AB /* NativeAdsCollectionViewCell.xib in Resources */,
				04F0E33F26FE405400DC83EA /* UnifiedNativeAdView.xib in Resources */,
			);
			runOnlyForDeploymentPostprocessing = 0;
		};
		C83ED6DA23AD1461000C101F /* Resources */ = {
			isa = PBXResourcesBuildPhase;
			buildActionMask = 2147483647;
			files = (
			);
			runOnlyForDeploymentPostprocessing = 0;
		};
		C83ED6E523AD1461000C101F /* Resources */ = {
			isa = PBXResourcesBuildPhase;
			buildActionMask = 2147483647;
			files = (
			);
			runOnlyForDeploymentPostprocessing = 0;
		};
		FA6B6DB8286CB3A700CF59E6 /* Resources */ = {
			isa = PBXResourcesBuildPhase;
			buildActionMask = 2147483647;
			files = (
			);
			runOnlyForDeploymentPostprocessing = 0;
		};
/* End PBXResourcesBuildPhase section */

/* Begin PBXShellScriptBuildPhase section */
		1880D2D478F9B5CFBAB9F267 /* [CP] Check Pods Manifest.lock */ = {
			isa = PBXShellScriptBuildPhase;
			buildActionMask = 2147483647;
			files = (
			);
			inputFileListPaths = (
			);
			inputPaths = (
				"${PODS_PODFILE_DIR_PATH}/Podfile.lock",
				"${PODS_ROOT}/Manifest.lock",
			);
			name = "[CP] Check Pods Manifest.lock";
			outputFileListPaths = (
			);
			outputPaths = (
				"$(DERIVED_FILE_DIR)/Pods-OneSignalNotificationServiceExtension-checkManifestLockResult.txt",
			);
			runOnlyForDeploymentPostprocessing = 0;
			shellPath = /bin/sh;
			shellScript = "diff \"${PODS_PODFILE_DIR_PATH}/Podfile.lock\" \"${PODS_ROOT}/Manifest.lock\" > /dev/null\nif [ $? != 0 ] ; then\n    # print error to STDERR\n    echo \"error: The sandbox is not in sync with the Podfile.lock. Run 'pod install' or update your CocoaPods installation.\" >&2\n    exit 1\nfi\n# This output is used by Xcode 'outputs' to avoid re-running this script phase.\necho \"SUCCESS\" > \"${SCRIPT_OUTPUT_FILE_0}\"\n";
			showEnvVarsInLog = 0;
		};
		370521441E602E7E5002C44A /* [CP] Embed Pods Frameworks */ = {
			isa = PBXShellScriptBuildPhase;
			buildActionMask = 2147483647;
			files = (
			);
			inputFileListPaths = (
				"${PODS_ROOT}/Target Support Files/Pods-WallPaperApp/Pods-WallPaperApp-frameworks-${CONFIGURATION}-input-files.xcfilelist",
			);
			name = "[CP] Embed Pods Frameworks";
			outputFileListPaths = (
				"${PODS_ROOT}/Target Support Files/Pods-WallPaperApp/Pods-WallPaperApp-frameworks-${CONFIGURATION}-output-files.xcfilelist",
			);
			runOnlyForDeploymentPostprocessing = 0;
			shellPath = /bin/sh;
			shellScript = "\"${PODS_ROOT}/Target Support Files/Pods-WallPaperApp/Pods-WallPaperApp-frameworks.sh\"\n";
			showEnvVarsInLog = 0;
		};
		5B7E1055839C000063EBCE3D /* [CP] Check Pods Manifest.lock */ = {
			isa = PBXShellScriptBuildPhase;
			buildActionMask = 2147483647;
			files = (
			);
			inputFileListPaths = (
			);
			inputPaths = (
				"${PODS_PODFILE_DIR_PATH}/Podfile.lock",
				"${PODS_ROOT}/Manifest.lock",
			);
			name = "[CP] Check Pods Manifest.lock";
			outputFileListPaths = (
			);
			outputPaths = (
				"$(DERIVED_FILE_DIR)/Pods-WallPaperAppUITests-checkManifestLockResult.txt",
			);
			runOnlyForDeploymentPostprocessing = 0;
			shellPath = /bin/sh;
			shellScript = "diff \"${PODS_PODFILE_DIR_PATH}/Podfile.lock\" \"${PODS_ROOT}/Manifest.lock\" > /dev/null\nif [ $? != 0 ] ; then\n    # print error to STDERR\n    echo \"error: The sandbox is not in sync with the Podfile.lock. Run 'pod install' or update your CocoaPods installation.\" >&2\n    exit 1\nfi\n# This output is used by Xcode 'outputs' to avoid re-running this script phase.\necho \"SUCCESS\" > \"${SCRIPT_OUTPUT_FILE_0}\"\n";
			showEnvVarsInLog = 0;
		};
		D520BD6F741E3945E353C911 /* [CP] Check Pods Manifest.lock */ = {
			isa = PBXShellScriptBuildPhase;
			buildActionMask = 2147483647;
			files = (
			);
			inputFileListPaths = (
			);
			inputPaths = (
				"${PODS_PODFILE_DIR_PATH}/Podfile.lock",
				"${PODS_ROOT}/Manifest.lock",
			);
			name = "[CP] Check Pods Manifest.lock";
			outputFileListPaths = (
			);
			outputPaths = (
				"$(DERIVED_FILE_DIR)/Pods-WallPaperApp-checkManifestLockResult.txt",
			);
			runOnlyForDeploymentPostprocessing = 0;
			shellPath = /bin/sh;
			shellScript = "diff \"${PODS_PODFILE_DIR_PATH}/Podfile.lock\" \"${PODS_ROOT}/Manifest.lock\" > /dev/null\nif [ $? != 0 ] ; then\n    # print error to STDERR\n    echo \"error: The sandbox is not in sync with the Podfile.lock. Run 'pod install' or update your CocoaPods installation.\" >&2\n    exit 1\nfi\n# This output is used by Xcode 'outputs' to avoid re-running this script phase.\necho \"SUCCESS\" > \"${SCRIPT_OUTPUT_FILE_0}\"\n";
			showEnvVarsInLog = 0;
		};
		FC031BDC8371F6CDB2BEFC2F /* [CP] Check Pods Manifest.lock */ = {
			isa = PBXShellScriptBuildPhase;
			buildActionMask = 2147483647;
			files = (
			);
			inputFileListPaths = (
			);
			inputPaths = (
				"${PODS_PODFILE_DIR_PATH}/Podfile.lock",
				"${PODS_ROOT}/Manifest.lock",
			);
			name = "[CP] Check Pods Manifest.lock";
			outputFileListPaths = (
			);
			outputPaths = (
				"$(DERIVED_FILE_DIR)/Pods-WallPaperAppTests-checkManifestLockResult.txt",
			);
			runOnlyForDeploymentPostprocessing = 0;
			shellPath = /bin/sh;
			shellScript = "diff \"${PODS_PODFILE_DIR_PATH}/Podfile.lock\" \"${PODS_ROOT}/Manifest.lock\" > /dev/null\nif [ $? != 0 ] ; then\n    # print error to STDERR\n    echo \"error: The sandbox is not in sync with the Podfile.lock. Run 'pod install' or update your CocoaPods installation.\" >&2\n    exit 1\nfi\n# This output is used by Xcode 'outputs' to avoid re-running this script phase.\necho \"SUCCESS\" > \"${SCRIPT_OUTPUT_FILE_0}\"\n";
			showEnvVarsInLog = 0;
		};
/* End PBXShellScriptBuildPhase section */

/* Begin PBXSourcesBuildPhase section */
		C83ED6BF23AD145F000C101F /* Sources */ = {
			isa = PBXSourcesBuildPhase;
			buildActionMask = 2147483647;
			files = (
				C874053B23CF518B0084F560 /* Webservices.swift in Sources */,
				C874053E23CF51D30084F560 /* Reachability.swift in Sources */,
				0488312626FF49E000512C09 /* GADTSmallTemplateView.m in Sources */,
				C83ED6CB23AD145F000C101F /* WelcomeVC.swift in Sources */,
				88D4E96C240D46E20008C31D /* Constant.swift in Sources */,
				37AD944828F56BE700454996 /* App.swift in Sources */,
				C83ED6C723AD145F000C101F /* AppDelegate.swift in Sources */,
				C83ED6FC23AD1DD7000C101F /* HomeVC.swift in Sources */,
				C8FFDE9F23F3032B00D6DF80 /* SettingsVC.swift in Sources */,
				37E8383128F81ADC003B38AA /* Constants.swift in Sources */,
				04B5F3032700FC67007E81AB /* NativeAdsCollectionViewCell.swift in Sources */,
				C83ED6D123AD145F000C101F /* WallPaperApp.xcdatamodeld in Sources */,
				C899FB6F23B10531007B1F52 /* WallpaperPreviewVC.swift in Sources */,
				C83ED6C923AD145F000C101F /* SceneDelegate.swift in Sources */,
				F1630B7A25FB315200BF003D /* NativeAdCollectionViewCell.swift in Sources */,
				37E8382F28F81967003B38AA /* Utility.swift in Sources */,
				88B8F65F240AAB9D000EBD3A /* WallpaperVC.swift in Sources */,
				F1630B8925FB7C5400BF003D /* ImageView.swift in Sources */,
				C86BB5A82486315800FC62AE /* BubbleTabBar.swift in Sources */,
				C891E8E123F4406600027B8F /* ViewPagerController.swift in Sources */,
				C899FB6B23B0FCDE007B1F52 /* UserDefaults.swift in Sources */,
				0488312926FF49E000512C09 /* GADTMediumTemplateView.m in Sources */,
				0488312826FF49E000512C09 /* GADTTemplateView.m in Sources */,
				883BEB802409737C007EE6FB /* CategoryVC.swift in Sources */,
				37E8382A28F80DBF003B38AA /* SharedUserDefaults.swift in Sources */,
				37E8382C28F818F1003B38AA /* IAPHelper.swift in Sources */,
				C891E8DF23F4406600027B8F /* ViewPagerTabView.swift in Sources */,
				C891E8E223F4406600027B8F /* ViewPagerOptions.swift in Sources */,
				C86BB5AA2486315800FC62AE /* CBTabBarButton.swift in Sources */,
				C86BB5A92486315800FC62AE /* BubbleTabBarController.swift in Sources */,
				C891E8E023F4406600027B8F /* ViewPagerTab.swift in Sources */,
			);
			runOnlyForDeploymentPostprocessing = 0;
		};
		C83ED6D823AD1461000C101F /* Sources */ = {
			isa = PBXSourcesBuildPhase;
			buildActionMask = 2147483647;
			files = (
				C83ED6E123AD1461000C101F /* WallPaperAppTests.swift in Sources */,
			);
			runOnlyForDeploymentPostprocessing = 0;
		};
		C83ED6E323AD1461000C101F /* Sources */ = {
			isa = PBXSourcesBuildPhase;
			buildActionMask = 2147483647;
			files = (
				C83ED6EC23AD1461000C101F /* WallPaperAppUITests.swift in Sources */,
			);
			runOnlyForDeploymentPostprocessing = 0;
		};
		FA6B6DB6286CB3A700CF59E6 /* Sources */ = {
			isa = PBXSourcesBuildPhase;
			buildActionMask = 2147483647;
			files = (
				FA6B6DBD286CB3A700CF59E6 /* NotificationService.swift in Sources */,
			);
			runOnlyForDeploymentPostprocessing = 0;
		};
/* End PBXSourcesBuildPhase section */

/* Begin PBXTargetDependency section */
		C83ED6DE23AD1461000C101F /* PBXTargetDependency */ = {
			isa = PBXTargetDependency;
			target = C83ED6C223AD145F000C101F /* WallPaperApp */;
			targetProxy = C83ED6DD23AD1461000C101F /* PBXContainerItemProxy */;
		};
		C83ED6E923AD1461000C101F /* PBXTargetDependency */ = {
			isa = PBXTargetDependency;
			target = C83ED6C223AD145F000C101F /* WallPaperApp */;
			targetProxy = C83ED6E823AD1461000C101F /* PBXContainerItemProxy */;
		};
		FA6B6DC0286CB3A700CF59E6 /* PBXTargetDependency */ = {
			isa = PBXTargetDependency;
			target = FA6B6DB9286CB3A700CF59E6 /* OneSignalNotificationServiceExtension */;
			targetProxy = FA6B6DBF286CB3A700CF59E6 /* PBXContainerItemProxy */;
		};
/* End PBXTargetDependency section */

/* Begin PBXVariantGroup section */
		C83ED6CC23AD145F000C101F /* Main.storyboard */ = {
			isa = PBXVariantGroup;
			children = (
				C83ED6CD23AD145F000C101F /* Base */,
			);
			name = Main.storyboard;
			sourceTree = "<group>";
		};
		C83ED6D423AD1461000C101F /* LaunchScreen.storyboard */ = {
			isa = PBXVariantGroup;
			children = (
				C83ED6D523AD1461000C101F /* Base */,
			);
			name = LaunchScreen.storyboard;
			sourceTree = "<group>";
		};
/* End PBXVariantGroup section */

/* Begin XCBuildConfiguration section */
		C83ED6EE23AD1461000C101F /* Debug */ = {
			isa = XCBuildConfiguration;
			buildSettings = {
				ALWAYS_SEARCH_USER_PATHS = NO;
				CLANG_ANALYZER_NONNULL = YES;
				CLANG_ANALYZER_NUMBER_OBJECT_CONVERSION = YES_AGGRESSIVE;
				CLANG_CXX_LANGUAGE_STANDARD = "gnu++14";
				CLANG_CXX_LIBRARY = "libc++";
				CLANG_ENABLE_MODULES = YES;
				CLANG_ENABLE_OBJC_ARC = YES;
				CLANG_ENABLE_OBJC_WEAK = YES;
				CLANG_WARN_BLOCK_CAPTURE_AUTORELEASING = YES;
				CLANG_WARN_BOOL_CONVERSION = YES;
				CLANG_WARN_COMMA = YES;
				CLANG_WARN_CONSTANT_CONVERSION = YES;
				CLANG_WARN_DEPRECATED_OBJC_IMPLEMENTATIONS = YES;
				CLANG_WARN_DIRECT_OBJC_ISA_USAGE = YES_ERROR;
				CLANG_WARN_DOCUMENTATION_COMMENTS = YES;
				CLANG_WARN_EMPTY_BODY = YES;
				CLANG_WARN_ENUM_CONVERSION = YES;
				CLANG_WARN_INFINITE_RECURSION = YES;
				CLANG_WARN_INT_CONVERSION = YES;
				CLANG_WARN_NON_LITERAL_NULL_CONVERSION = YES;
				CLANG_WARN_OBJC_IMPLICIT_RETAIN_SELF = YES;
				CLANG_WARN_OBJC_LITERAL_CONVERSION = YES;
				CLANG_WARN_OBJC_ROOT_CLASS = YES_ERROR;
				CLANG_WARN_RANGE_LOOP_ANALYSIS = YES;
				CLANG_WARN_STRICT_PROTOTYPES = YES;
				CLANG_WARN_SUSPICIOUS_MOVE = YES;
				CLANG_WARN_UNGUARDED_AVAILABILITY = YES_AGGRESSIVE;
				CLANG_WARN_UNREACHABLE_CODE = YES;
				CLANG_WARN__DUPLICATE_METHOD_MATCH = YES;
				COPY_PHASE_STRIP = NO;
				DEBUG_INFORMATION_FORMAT = dwarf;
				ENABLE_STRICT_OBJC_MSGSEND = YES;
				ENABLE_TESTABILITY = YES;
				GCC_C_LANGUAGE_STANDARD = gnu11;
				GCC_DYNAMIC_NO_PIC = NO;
				GCC_NO_COMMON_BLOCKS = YES;
				GCC_OPTIMIZATION_LEVEL = 0;
				GCC_PREPROCESSOR_DEFINITIONS = (
					"DEBUG=1",
					"$(inherited)",
				);
				GCC_WARN_64_TO_32_BIT_CONVERSION = YES;
				GCC_WARN_ABOUT_RETURN_TYPE = YES_ERROR;
				GCC_WARN_UNDECLARED_SELECTOR = YES;
				GCC_WARN_UNINITIALIZED_AUTOS = YES_AGGRESSIVE;
				GCC_WARN_UNUSED_FUNCTION = YES;
				GCC_WARN_UNUSED_VARIABLE = YES;
				IPHONEOS_DEPLOYMENT_TARGET = 14.0;
				MTL_ENABLE_DEBUG_INFO = INCLUDE_SOURCE;
				MTL_FAST_MATH = YES;
				ONLY_ACTIVE_ARCH = YES;
				SDKROOT = iphoneos;
				SWIFT_ACTIVE_COMPILATION_CONDITIONS = DEBUG;
				SWIFT_OPTIMIZATION_LEVEL = "-Onone";
			};
			name = Debug;
		};
		C83ED6EF23AD1461000C101F /* Release */ = {
			isa = XCBuildConfiguration;
			buildSettings = {
				ALWAYS_SEARCH_USER_PATHS = NO;
				CLANG_ANALYZER_NONNULL = YES;
				CLANG_ANALYZER_NUMBER_OBJECT_CONVERSION = YES_AGGRESSIVE;
				CLANG_CXX_LANGUAGE_STANDARD = "gnu++14";
				CLANG_CXX_LIBRARY = "libc++";
				CLANG_ENABLE_MODULES = YES;
				CLANG_ENABLE_OBJC_ARC = YES;
				CLANG_ENABLE_OBJC_WEAK = YES;
				CLANG_WARN_BLOCK_CAPTURE_AUTORELEASING = YES;
				CLANG_WARN_BOOL_CONVERSION = YES;
				CLANG_WARN_COMMA = YES;
				CLANG_WARN_CONSTANT_CONVERSION = YES;
				CLANG_WARN_DEPRECATED_OBJC_IMPLEMENTATIONS = YES;
				CLANG_WARN_DIRECT_OBJC_ISA_USAGE = YES_ERROR;
				CLANG_WARN_DOCUMENTATION_COMMENTS = YES;
				CLANG_WARN_EMPTY_BODY = YES;
				CLANG_WARN_ENUM_CONVERSION = YES;
				CLANG_WARN_INFINITE_RECURSION = YES;
				CLANG_WARN_INT_CONVERSION = YES;
				CLANG_WARN_NON_LITERAL_NULL_CONVERSION = YES;
				CLANG_WARN_OBJC_IMPLICIT_RETAIN_SELF = YES;
				CLANG_WARN_OBJC_LITERAL_CONVERSION = YES;
				CLANG_WARN_OBJC_ROOT_CLASS = YES_ERROR;
				CLANG_WARN_RANGE_LOOP_ANALYSIS = YES;
				CLANG_WARN_STRICT_PROTOTYPES = YES;
				CLANG_WARN_SUSPICIOUS_MOVE = YES;
				CLANG_WARN_UNGUARDED_AVAILABILITY = YES_AGGRESSIVE;
				CLANG_WARN_UNREACHABLE_CODE = YES;
				CLANG_WARN__DUPLICATE_METHOD_MATCH = YES;
				COPY_PHASE_STRIP = NO;
				DEBUG_INFORMATION_FORMAT = "dwarf-with-dsym";
				ENABLE_NS_ASSERTIONS = NO;
				ENABLE_STRICT_OBJC_MSGSEND = YES;
				GCC_C_LANGUAGE_STANDARD = gnu11;
				GCC_NO_COMMON_BLOCKS = YES;
				GCC_WARN_64_TO_32_BIT_CONVERSION = YES;
				GCC_WARN_ABOUT_RETURN_TYPE = YES_ERROR;
				GCC_WARN_UNDECLARED_SELECTOR = YES;
				GCC_WARN_UNINITIALIZED_AUTOS = YES_AGGRESSIVE;
				GCC_WARN_UNUSED_FUNCTION = YES;
				GCC_WARN_UNUSED_VARIABLE = YES;
				IPHONEOS_DEPLOYMENT_TARGET = 14.0;
				MTL_ENABLE_DEBUG_INFO = NO;
				MTL_FAST_MATH = YES;
				SDKROOT = iphoneos;
				SWIFT_COMPILATION_MODE = wholemodule;
				SWIFT_OPTIMIZATION_LEVEL = "-O";
				VALIDATE_PRODUCT = YES;
			};
			name = Release;
		};
		C83ED6F123AD1461000C101F /* Debug */ = {
			isa = XCBuildConfiguration;
			baseConfigurationReference = 3FB1C53395B8EEE5696264E5 /* Pods-WallPaperApp.debug.xcconfig */;
			buildSettings = {
				ALWAYS_EMBED_SWIFT_STANDARD_LIBRARIES = YES;
				ASSETCATALOG_COMPILER_APPICON_NAME = AppIcon;
				CODE_SIGN_ENTITLEMENTS = WallPaperApp/WallPaperApp.entitlements;
				CODE_SIGN_IDENTITY = "Apple Development";
				CODE_SIGN_STYLE = Automatic;
				CURRENT_PROJECT_VERSION = 2;
				DEVELOPMENT_TEAM = GP2T27C8A8;
				INFOPLIST_FILE = WallPaperApp/Info.plist;
				INFOPLIST_KEY_CFBundleDisplayName = "CANADA WALLPAPER";
				INFOPLIST_KEY_LSApplicationCategoryType = "public.app-category.photography";
				IPHONEOS_DEPLOYMENT_TARGET = 14.0;
				LD_RUNPATH_SEARCH_PATHS = (
					"$(inherited)",
					"@executable_path/Frameworks",
				);
				MARKETING_VERSION = 2.0;
				PRODUCT_BUNDLE_IDENTIFIER = com.elbouzi.canadawallpapers;
				PRODUCT_NAME = "HD WallPaperApp";
				PROVISIONING_PROFILE_SPECIFIER = "";
				SUPPORTED_PLATFORMS = "iphoneos iphonesimulator";
				SUPPORTS_MACCATALYST = NO;
				SUPPORTS_MAC_DESIGNED_FOR_IPHONE_IPAD = YES;
				SWIFT_VERSION = 5.0;
				TARGETED_DEVICE_FAMILY = "1,2";
			};
			name = Debug;
		};
		C83ED6F223AD1461000C101F /* Release */ = {
			isa = XCBuildConfiguration;
			baseConfigurationReference = 3A1CF21AC16FAB565A0DD96A /* Pods-WallPaperApp.release.xcconfig */;
			buildSettings = {
				ALWAYS_EMBED_SWIFT_STANDARD_LIBRARIES = YES;
				ASSETCATALOG_COMPILER_APPICON_NAME = AppIcon;
				CODE_SIGN_ENTITLEMENTS = WallPaperApp/WallPaperApp.entitlements;
				CODE_SIGN_IDENTITY = "Apple Development";
				CODE_SIGN_STYLE = Automatic;
				CURRENT_PROJECT_VERSION = 2;
				DEVELOPMENT_TEAM = GP2T27C8A8;
				INFOPLIST_FILE = WallPaperApp/Info.plist;
				INFOPLIST_KEY_CFBundleDisplayName = "CANADA WALLPAPER";
				INFOPLIST_KEY_LSApplicationCategoryType = "public.app-category.photography";
				IPHONEOS_DEPLOYMENT_TARGET = 14.0;
				LD_RUNPATH_SEARCH_PATHS = (
					"$(inherited)",
					"@executable_path/Frameworks",
				);
				MARKETING_VERSION = 2.0;
				PRODUCT_BUNDLE_IDENTIFIER = com.elbouzi.canadawallpapers;
				PRODUCT_NAME = "HD WallPaperApp";
				PROVISIONING_PROFILE_SPECIFIER = "";
				SUPPORTED_PLATFORMS = "iphoneos iphonesimulator";
				SUPPORTS_MACCATALYST = NO;
				SUPPORTS_MAC_DESIGNED_FOR_IPHONE_IPAD = YES;
				SWIFT_VERSION = 5.0;
				TARGETED_DEVICE_FAMILY = "1,2";
			};
			name = Release;
		};
		C83ED6F423AD1461000C101F /* Debug */ = {
			isa = XCBuildConfiguration;
			baseConfigurationReference = 60274ED22F657C91E513C34D /* Pods-WallPaperAppTests.debug.xcconfig */;
			buildSettings = {
				ALWAYS_EMBED_SWIFT_STANDARD_LIBRARIES = YES;
				BUNDLE_LOADER = "$(TEST_HOST)";
				CODE_SIGN_STYLE = Automatic;
				DEVELOPMENT_TEAM = GP2T27C8A8;
				INFOPLIST_FILE = WallPaperAppTests/Info.plist;
				IPHONEOS_DEPLOYMENT_TARGET = 14.0;
				LD_RUNPATH_SEARCH_PATHS = (
					"$(inherited)",
					"@executable_path/Frameworks",
					"@loader_path/Frameworks",
				);
				PRODUCT_BUNDLE_IDENTIFIER = gravityinfotech.WallPaperAppTests;
				PRODUCT_NAME = "$(TARGET_NAME)";
				SWIFT_VERSION = 5.0;
				TARGETED_DEVICE_FAMILY = "1,2";
				TEST_HOST = "$(BUILT_PRODUCTS_DIR)/WallPaperApp.app/WallPaperApp";
			};
			name = Debug;
		};
		C83ED6F523AD1461000C101F /* Release */ = {
			isa = XCBuildConfiguration;
			baseConfigurationReference = 87D4A61DD1B174F0812DBFB7 /* Pods-WallPaperAppTests.release.xcconfig */;
			buildSettings = {
				ALWAYS_EMBED_SWIFT_STANDARD_LIBRARIES = YES;
				BUNDLE_LOADER = "$(TEST_HOST)";
				CODE_SIGN_STYLE = Automatic;
				DEVELOPMENT_TEAM = GP2T27C8A8;
				INFOPLIST_FILE = WallPaperAppTests/Info.plist;
				IPHONEOS_DEPLOYMENT_TARGET = 14.0;
				LD_RUNPATH_SEARCH_PATHS = (
					"$(inherited)",
					"@executable_path/Frameworks",
					"@loader_path/Frameworks",
				);
				PRODUCT_BUNDLE_IDENTIFIER = gravityinfotech.WallPaperAppTests;
				PRODUCT_NAME = "$(TARGET_NAME)";
				SWIFT_VERSION = 5.0;
				TARGETED_DEVICE_FAMILY = "1,2";
				TEST_HOST = "$(BUILT_PRODUCTS_DIR)/WallPaperApp.app/WallPaperApp";
			};
			name = Release;
		};
		C83ED6F723AD1461000C101F /* Debug */ = {
			isa = XCBuildConfiguration;
			baseConfigurationReference = D87A07A47E8846C4201590B3 /* Pods-WallPaperAppUITests.debug.xcconfig */;
			buildSettings = {
				ALWAYS_EMBED_SWIFT_STANDARD_LIBRARIES = YES;
				CODE_SIGN_STYLE = Automatic;
				DEVELOPMENT_TEAM = GP2T27C8A8;
				INFOPLIST_FILE = WallPaperAppUITests/Info.plist;
				LD_RUNPATH_SEARCH_PATHS = (
					"$(inherited)",
					"@executable_path/Frameworks",
					"@loader_path/Frameworks",
				);
				PRODUCT_BUNDLE_IDENTIFIER = gravityinfotech.WallPaperAppUITests;
				PRODUCT_NAME = "$(TARGET_NAME)";
				SWIFT_VERSION = 5.0;
				TARGETED_DEVICE_FAMILY = "1,2";
				TEST_TARGET_NAME = WallPaperApp;
			};
			name = Debug;
		};
		C83ED6F823AD1461000C101F /* Release */ = {
			isa = XCBuildConfiguration;
			baseConfigurationReference = 5218261510150774151C54B1 /* Pods-WallPaperAppUITests.release.xcconfig */;
			buildSettings = {
				ALWAYS_EMBED_SWIFT_STANDARD_LIBRARIES = YES;
				CODE_SIGN_STYLE = Automatic;
				DEVELOPMENT_TEAM = GP2T27C8A8;
				INFOPLIST_FILE = WallPaperAppUITests/Info.plist;
				LD_RUNPATH_SEARCH_PATHS = (
					"$(inherited)",
					"@executable_path/Frameworks",
					"@loader_path/Frameworks",
				);
				PRODUCT_BUNDLE_IDENTIFIER = gravityinfotech.WallPaperAppUITests;
				PRODUCT_NAME = "$(TARGET_NAME)";
				SWIFT_VERSION = 5.0;
				TARGETED_DEVICE_FAMILY = "1,2";
				TEST_TARGET_NAME = WallPaperApp;
			};
			name = Release;
		};
		FA6B6DC3286CB3A700CF59E6 /* Debug */ = {
			isa = XCBuildConfiguration;
			baseConfigurationReference = 3DF81DA799C694787A304357 /* Pods-OneSignalNotificationServiceExtension.debug.xcconfig */;
			buildSettings = {
				CLANG_CXX_LANGUAGE_STANDARD = "gnu++17";
				CLANG_WARN_QUOTED_INCLUDE_IN_FRAMEWORK_HEADER = YES;
				CODE_SIGN_IDENTITY = "Apple Development";
				CODE_SIGN_STYLE = Automatic;
				CURRENT_PROJECT_VERSION = 1;
				DEVELOPMENT_TEAM = GP2T27C8A8;
				GENERATE_INFOPLIST_FILE = YES;
				INFOPLIST_FILE = OneSignalNotificationServiceExtension/Info.plist;
				INFOPLIST_KEY_CFBundleDisplayName = OneSignalNotificationServiceExtension;
				INFOPLIST_KEY_NSHumanReadableCopyright = "Copyright © 2022 Mitesh's MAC. All rights reserved.";
				IPHONEOS_DEPLOYMENT_TARGET = 15.5;
				LD_RUNPATH_SEARCH_PATHS = (
					"$(inherited)",
					"@executable_path/Frameworks",
					"@executable_path/../../Frameworks",
				);
				MARKETING_VERSION = 1.0;
				PRODUCT_BUNDLE_IDENTIFIER = com.elbouzi.canadawallpapers.OneSignalNotificationServiceExtension;
				PRODUCT_NAME = "$(TARGET_NAME)";
				SKIP_INSTALL = YES;
				SWIFT_EMIT_LOC_STRINGS = YES;
				SWIFT_VERSION = 5.0;
				TARGETED_DEVICE_FAMILY = "1,2";
			};
			name = Debug;
		};
		FA6B6DC4286CB3A700CF59E6 /* Release */ = {
			isa = XCBuildConfiguration;
			baseConfigurationReference = 4FA6A702773F51D364A28154 /* Pods-OneSignalNotificationServiceExtension.release.xcconfig */;
			buildSettings = {
				CLANG_CXX_LANGUAGE_STANDARD = "gnu++17";
				CLANG_WARN_QUOTED_INCLUDE_IN_FRAMEWORK_HEADER = YES;
				CODE_SIGN_IDENTITY = "Apple Development";
				CODE_SIGN_STYLE = Automatic;
				CURRENT_PROJECT_VERSION = 1;
				DEVELOPMENT_TEAM = GP2T27C8A8;
				GENERATE_INFOPLIST_FILE = YES;
				INFOPLIST_FILE = OneSignalNotificationServiceExtension/Info.plist;
				INFOPLIST_KEY_CFBundleDisplayName = OneSignalNotificationServiceExtension;
				INFOPLIST_KEY_NSHumanReadableCopyright = "Copyright © 2022 Mitesh's MAC. All rights reserved.";
				IPHONEOS_DEPLOYMENT_TARGET = 15.5;
				LD_RUNPATH_SEARCH_PATHS = (
					"$(inherited)",
					"@executable_path/Frameworks",
					"@executable_path/../../Frameworks",
				);
				MARKETING_VERSION = 1.0;
				PRODUCT_BUNDLE_IDENTIFIER = com.elbouzi.canadawallpapers.OneSignalNotificationServiceExtension;
				PRODUCT_NAME = "$(TARGET_NAME)";
				SKIP_INSTALL = YES;
				SWIFT_EMIT_LOC_STRINGS = YES;
				SWIFT_VERSION = 5.0;
				TARGETED_DEVICE_FAMILY = "1,2";
			};
			name = Release;
		};
/* End XCBuildConfiguration section */

/* Begin XCConfigurationList section */
		C83ED6BE23AD145F000C101F /* Build configuration list for PBXProject "WallPaperApp" */ = {
			isa = XCConfigurationList;
			buildConfigurations = (
				C83ED6EE23AD1461000C101F /* Debug */,
				C83ED6EF23AD1461000C101F /* Release */,
			);
			defaultConfigurationIsVisible = 0;
			defaultConfigurationName = Release;
		};
		C83ED6F023AD1461000C101F /* Build configuration list for PBXNativeTarget "WallPaperApp" */ = {
			isa = XCConfigurationList;
			buildConfigurations = (
				C83ED6F123AD1461000C101F /* Debug */,
				C83ED6F223AD1461000C101F /* Release */,
			);
			defaultConfigurationIsVisible = 0;
			defaultConfigurationName = Release;
		};
		C83ED6F323AD1461000C101F /* Build configuration list for PBXNativeTarget "WallPaperAppTests" */ = {
			isa = XCConfigurationList;
			buildConfigurations = (
				C83ED6F423AD1461000C101F /* Debug */,
				C83ED6F523AD1461000C101F /* Release */,
			);
			defaultConfigurationIsVisible = 0;
			defaultConfigurationName = Release;
		};
		C83ED6F623AD1461000C101F /* Build configuration list for PBXNativeTarget "WallPaperAppUITests" */ = {
			isa = XCConfigurationList;
			buildConfigurations = (
				C83ED6F723AD1461000C101F /* Debug */,
				C83ED6F823AD1461000C101F /* Release */,
			);
			defaultConfigurationIsVisible = 0;
			defaultConfigurationName = Release;
		};
		FA6B6DC5286CB3A700CF59E6 /* Build configuration list for PBXNativeTarget "OneSignalNotificationServiceExtension" */ = {
			isa = XCConfigurationList;
			buildConfigurations = (
				FA6B6DC3286CB3A700CF59E6 /* Debug */,
				FA6B6DC4286CB3A700CF59E6 /* Release */,
			);
			defaultConfigurationIsVisible = 0;
			defaultConfigurationName = Release;
		};
/* End XCConfigurationList section */

/* Begin XCVersionGroup section */
		C83ED6CF23AD145F000C101F /* WallPaperApp.xcdatamodeld */ = {
			isa = XCVersionGroup;
			children = (
				C83ED6D023AD145F000C101F /* WallPaperApp.xcdatamodel */,
			);
			currentVersion = C83ED6D023AD145F000C101F /* WallPaperApp.xcdatamodel */;
			path = WallPaperApp.xcdatamodeld;
			sourceTree = "<group>";
			versionGroupType = wrapper.xcdatamodel;
		};
/* End XCVersionGroup section */
	};
	rootObject = C83ED6BB23AD145F000C101F /* Project object */;
}
